// !$*UTF8*$!
{
	archiveVersion = 1;
	classes = {
	};
	objectVersion = 46;
	objects = {

/* Begin PBXBuildFile section */
		4B28529F1E34720F0084075B /* NotificationContext.swift in Sources */ = {isa = PBXBuildFile; fileRef = 4B28529B1E34720F0084075B /* NotificationContext.swift */; };
		4B2852A01E34720F0084075B /* NotificationAnimatorType.swift in Sources */ = {isa = PBXBuildFile; fileRef = 4B28529C1E34720F0084075B /* NotificationAnimatorType.swift */; };
		4B2852A11E34720F0084075B /* BottomNotificationController.swift in Sources */ = {isa = PBXBuildFile; fileRef = 4B28529D1E34720F0084075B /* BottomNotificationController.swift */; };
		4B2852A21E34720F0084075B /* UpperNotificationViewType.swift in Sources */ = {isa = PBXBuildFile; fileRef = 4B28529E1E34720F0084075B /* UpperNotificationViewType.swift */; };
		4B74714B1E3471A600246438 /* BottomNotificationController.h in Headers */ = {isa = PBXBuildFile; fileRef = 4B7471491E3471A600246438 /* BottomNotificationController.h */; settings = {ATTRIBUTES = (Public, ); }; };
/* End PBXBuildFile section */

/* Begin PBXFileReference section */
		4B28529B1E34720F0084075B /* NotificationContext.swift */ = {isa = PBXFileReference; fileEncoding = 4; lastKnownFileType = sourcecode.swift; path = NotificationContext.swift; sourceTree = "<group>"; };
		4B28529C1E34720F0084075B /* NotificationAnimatorType.swift */ = {isa = PBXFileReference; fileEncoding = 4; lastKnownFileType = sourcecode.swift; path = NotificationAnimatorType.swift; sourceTree = "<group>"; };
		4B28529D1E34720F0084075B /* BottomNotificationController.swift */ = {isa = PBXFileReference; fileEncoding = 4; lastKnownFileType = sourcecode.swift; path = BottomNotificationController.swift; sourceTree = "<group>"; };
		4B28529E1E34720F0084075B /* UpperNotificationViewType.swift */ = {isa = PBXFileReference; fileEncoding = 4; lastKnownFileType = sourcecode.swift; path = UpperNotificationViewType.swift; sourceTree = "<group>"; };
		4B7471461E3471A600246438 /* BottomNotificationController.framework */ = {isa = PBXFileReference; explicitFileType = wrapper.framework; includeInIndex = 0; path = BottomNotificationController.framework; sourceTree = BUILT_PRODUCTS_DIR; };
		4B7471491E3471A600246438 /* BottomNotificationController.h */ = {isa = PBXFileReference; lastKnownFileType = sourcecode.c.h; path = BottomNotificationController.h; sourceTree = "<group>"; };
		4B74714A1E3471A600246438 /* Info.plist */ = {isa = PBXFileReference; lastKnownFileType = text.plist.xml; path = Info.plist; sourceTree = "<group>"; };
/* End PBXFileReference section */

/* Begin PBXFrameworksBuildPhase section */
		4B7471421E3471A600246438 /* Frameworks */ = {
			isa = PBXFrameworksBuildPhase;
			buildActionMask = 2147483647;
			files = (
			);
			runOnlyForDeploymentPostprocessing = 0;
		};
/* End PBXFrameworksBuildPhase section */

/* Begin PBXGroup section */
		4B74713C1E3471A600246438 = {
			isa = PBXGroup;
			children = (
				4B7471481E3471A600246438 /* BottomNotificationController */,
				4B7471471E3471A600246438 /* Products */,
			);
			sourceTree = "<group>";
		};
		4B7471471E3471A600246438 /* Products */ = {
			isa = PBXGroup;
			children = (
				4B7471461E3471A600246438 /* BottomNotificationController.framework */,
			);
			name = Products;
			sourceTree = "<group>";
		};
		4B7471481E3471A600246438 /* BottomNotificationController */ = {
			isa = PBXGroup;
			children = (
				4B28529B1E34720F0084075B /* NotificationContext.swift */,
				4B28529C1E34720F0084075B /* NotificationAnimatorType.swift */,
				4B28529D1E34720F0084075B /* BottomNotificationController.swift */,
				4B28529E1E34720F0084075B /* UpperNotificationViewType.swift */,
				4B7471491E3471A600246438 /* BottomNotificationController.h */,
				4B74714A1E3471A600246438 /* Info.plist */,
			);
			path = BottomNotificationController;
			sourceTree = "<group>";
		};
/* End PBXGroup section */

/* Begin PBXHeadersBuildPhase section */
		4B7471431E3471A600246438 /* Headers */ = {
			isa = PBXHeadersBuildPhase;
			buildActionMask = 2147483647;
			files = (
				4B74714B1E3471A600246438 /* BottomNotificationController.h in Headers */,
			);
			runOnlyForDeploymentPostprocessing = 0;
		};
/* End PBXHeadersBuildPhase section */

/* Begin PBXNativeTarget section */
		4B7471451E3471A600246438 /* BottomNotificationController */ = {
			isa = PBXNativeTarget;
			buildConfigurationList = 4B74714E1E3471A600246438 /* Build configuration list for PBXNativeTarget "BottomNotificationController" */;
			buildPhases = (
				4B7471411E3471A600246438 /* Sources */,
				4B7471421E3471A600246438 /* Frameworks */,
				4B7471431E3471A600246438 /* Headers */,
				4B7471441E3471A600246438 /* Resources */,
			);
			buildRules = (
			);
			dependencies = (
			);
			name = BottomNotificationController;
			productName = BottomNotificationController;
			productReference = 4B7471461E3471A600246438 /* BottomNotificationController.framework */;
			productType = "com.apple.product-type.framework";
		};
/* End PBXNativeTarget section */

/* Begin PBXProject section */
		4B74713D1E3471A600246438 /* Project object */ = {
			isa = PBXProject;
			attributes = {
				LastUpgradeCheck = 0820;
				ORGANIZATIONNAME = muukii;
				TargetAttributes = {
					4B7471451E3471A600246438 = {
						CreatedOnToolsVersion = 8.2.1;
						DevelopmentTeam = KU2QEJ9K3Z;
						LastSwiftMigration = 0820;
						ProvisioningStyle = Automatic;
					};
				};
			};
			buildConfigurationList = 4B7471401E3471A600246438 /* Build configuration list for PBXProject "BottomNotificationController" */;
			compatibilityVersion = "Xcode 3.2";
			developmentRegion = English;
			hasScannedForEncodings = 0;
			knownRegions = (
				en,
			);
			mainGroup = 4B74713C1E3471A600246438;
			productRefGroup = 4B7471471E3471A600246438 /* Products */;
			projectDirPath = "";
			projectRoot = "";
			targets = (
				4B7471451E3471A600246438 /* BottomNotificationController */,
			);
		};
/* End PBXProject section */

/* Begin PBXResourcesBuildPhase section */
		4B7471441E3471A600246438 /* Resources */ = {
			isa = PBXResourcesBuildPhase;
			buildActionMask = 2147483647;
			files = (
			);
			runOnlyForDeploymentPostprocessing = 0;
		};
/* End PBXResourcesBuildPhase section */

/* Begin PBXSourcesBuildPhase section */
		4B7471411E3471A600246438 /* Sources */ = {
			isa = PBXSourcesBuildPhase;
			buildActionMask = 2147483647;
			files = (
				4B2852A01E34720F0084075B /* NotificationAnimatorType.swift in Sources */,
				4B28529F1E34720F0084075B /* NotificationContext.swift in Sources */,
				4B2852A21E34720F0084075B /* UpperNotificationViewType.swift in Sources */,
				4B2852A11E34720F0084075B /* BottomNotificationController.swift in Sources */,
			);
			runOnlyForDeploymentPostprocessing = 0;
		};
/* End PBXSourcesBuildPhase section */

/* Begin XCBuildConfiguration section */
		4B74714C1E3471A600246438 /* Debug */ = {
			isa = XCBuildConfiguration;
			buildSettings = {
				ALWAYS_SEARCH_USER_PATHS = NO;
				CLANG_ANALYZER_NONNULL = YES;
				CLANG_CXX_LANGUAGE_STANDARD = "gnu++0x";
				CLANG_CXX_LIBRARY = "libc++";
				CLANG_ENABLE_MODULES = YES;
				CLANG_ENABLE_OBJC_ARC = YES;
				CLANG_WARN_BOOL_CONVERSION = YES;
				CLANG_WARN_CONSTANT_CONVERSION = YES;
				CLANG_WARN_DIRECT_OBJC_ISA_USAGE = YES_ERROR;
				CLANG_WARN_DOCUMENTATION_COMMENTS = YES;
				CLANG_WARN_EMPTY_BODY = YES;
				CLANG_WARN_ENUM_CONVERSION = YES;
				CLANG_WARN_INFINITE_RECURSION = YES;
				CLANG_WARN_INT_CONVERSION = YES;
				CLANG_WARN_OBJC_ROOT_CLASS = YES_ERROR;
				CLANG_WARN_SUSPICIOUS_MOVE = YES;
				CLANG_WARN_UNREACHABLE_CODE = YES;
				CLANG_WARN__DUPLICATE_METHOD_MATCH = YES;
				"CODE_SIGN_IDENTITY[sdk=iphoneos*]" = "iPhone Developer";
				COPY_PHASE_STRIP = NO;
				CURRENT_PROJECT_VERSION = 1;
				DEBUG_INFORMATION_FORMAT = dwarf;
				ENABLE_STRICT_OBJC_MSGSEND = YES;
				ENABLE_TESTABILITY = YES;
				GCC_C_LANGUAGE_STANDARD = gnu99;
				GCC_DYNAMIC_NO_PIC = NO;
				GCC_NO_COMMON_BLOCKS = YES;
				GCC_OPTIMIZATION_LEVEL = 0;
				GCC_PREPROCESSOR_DEFINITIONS = (
					"DEBUG=1",
					"$(inherited)",
				);
				GCC_WARN_64_TO_32_BIT_CONVERSION = YES;
				GCC_WARN_ABOUT_RETURN_TYPE = YES_ERROR;
				GCC_WARN_UNDECLARED_SELECTOR = YES;
				GCC_WARN_UNINITIALIZED_AUTOS = YES_AGGRESSIVE;
				GCC_WARN_UNUSED_FUNCTION = YES;
				GCC_WARN_UNUSED_VARIABLE = YES;
				IPHONEOS_DEPLOYMENT_TARGET = 9.0;
				MTL_ENABLE_DEBUG_INFO = YES;
				ONLY_ACTIVE_ARCH = YES;
				SDKROOT = iphoneos;
				SWIFT_ACTIVE_COMPILATION_CONDITIONS = DEBUG;
				SWIFT_OPTIMIZATION_LEVEL = "-Onone";
				TARGETED_DEVICE_FAMILY = "1,2";
				VERSIONING_SYSTEM = "apple-generic";
				VERSION_INFO_PREFIX = "";
			};
			name = Debug;
		};
		4B74714D1E3471A600246438 /* Release */ = {
			isa = XCBuildConfiguration;
			buildSettings = {
				ALWAYS_SEARCH_USER_PATHS = NO;
				CLANG_ANALYZER_NONNULL = YES;
				CLANG_CXX_LANGUAGE_STANDARD = "gnu++0x";
				CLANG_CXX_LIBRARY = "libc++";
				CLANG_ENABLE_MODULES = YES;
				CLANG_ENABLE_OBJC_ARC = YES;
				CLANG_WARN_BOOL_CONVERSION = YES;
				CLANG_WARN_CONSTANT_CONVERSION = YES;
				CLANG_WARN_DIRECT_OBJC_ISA_USAGE = YES_ERROR;
				CLANG_WARN_DOCUMENTATION_COMMENTS = YES;
				CLANG_WARN_EMPTY_BODY = YES;
				CLANG_WARN_ENUM_CONVERSION = YES;
				CLANG_WARN_INFINITE_RECURSION = YES;
				CLANG_WARN_INT_CONVERSION = YES;
				CLANG_WARN_OBJC_ROOT_CLASS = YES_ERROR;
				CLANG_WARN_SUSPICIOUS_MOVE = YES;
				CLANG_WARN_UNREACHABLE_CODE = YES;
				CLANG_WARN__DUPLICATE_METHOD_MATCH = YES;
				"CODE_SIGN_IDENTITY[sdk=iphoneos*]" = "iPhone Developer";
				COPY_PHASE_STRIP = NO;
				CURRENT_PROJECT_VERSION = 1;
				DEBUG_INFORMATION_FORMAT = "dwarf-with-dsym";
				ENABLE_NS_ASSERTIONS = NO;
				ENABLE_STRICT_OBJC_MSGSEND = YES;
				GCC_C_LANGUAGE_STANDARD = gnu99;
				GCC_NO_COMMON_BLOCKS = YES;
				GCC_WARN_64_TO_32_BIT_CONVERSION = YES;
				GCC_WARN_ABOUT_RETURN_TYPE = YES_ERROR;
				GCC_WARN_UNDECLARED_SELECTOR = YES;
				GCC_WARN_UNINITIALIZED_AUTOS = YES_AGGRESSIVE;
				GCC_WARN_UNUSED_FUNCTION = YES;
				GCC_WARN_UNUSED_VARIABLE = YES;
				IPHONEOS_DEPLOYMENT_TARGET = 9.0;
				MTL_ENABLE_DEBUG_INFO = NO;
				SDKROOT = iphoneos;
				SWIFT_OPTIMIZATION_LEVEL = "-Owholemodule";
				TARGETED_DEVICE_FAMILY = "1,2";
				VALIDATE_PRODUCT = YES;
				VERSIONING_SYSTEM = "apple-generic";
				VERSION_INFO_PREFIX = "";
			};
			name = Release;
		};
		4B74714F1E3471A600246438 /* Debug */ = {
			isa = XCBuildConfiguration;
			buildSettings = {
				CLANG_ENABLE_MODULES = YES;
				CODE_SIGN_IDENTITY = "";
				DEFINES_MODULE = YES;
				DEVELOPMENT_TEAM = KU2QEJ9K3Z;
				DYLIB_COMPATIBILITY_VERSION = 1;
				DYLIB_CURRENT_VERSION = 1;
				DYLIB_INSTALL_NAME_BASE = "@rpath";
				INFOPLIST_FILE = BottomNotificationController/Info.plist;
				INSTALL_PATH = "$(LOCAL_LIBRARY_DIR)/Frameworks";
				LD_RUNPATH_SEARCH_PATHS = "$(inherited) @executable_path/Frameworks @loader_path/Frameworks";
				PRODUCT_BUNDLE_IDENTIFIER = me.muukii.BottomNotificationController;
				PRODUCT_NAME = "$(TARGET_NAME)";
				SKIP_INSTALL = YES;
				SWIFT_OPTIMIZATION_LEVEL = "-Onone";
				SWIFT_VERSION = 3.0;
			};
			name = Debug;
		};
		4B7471501E3471A600246438 /* Release */ = {
			isa = XCBuildConfiguration;
			buildSettings = {
				CLANG_ENABLE_MODULES = YES;
				CODE_SIGN_IDENTITY = "";
				DEFINES_MODULE = YES;
				DEVELOPMENT_TEAM = KU2QEJ9K3Z;
				DYLIB_COMPATIBILITY_VERSION = 1;
				DYLIB_CURRENT_VERSION = 1;
				DYLIB_INSTALL_NAME_BASE = "@rpath";
				INFOPLIST_FILE = BottomNotificationController/Info.plist;
				INSTALL_PATH = "$(LOCAL_LIBRARY_DIR)/Frameworks";
				LD_RUNPATH_SEARCH_PATHS = "$(inherited) @executable_path/Frameworks @loader_path/Frameworks";
				PRODUCT_BUNDLE_IDENTIFIER = me.muukii.BottomNotificationController;
				PRODUCT_NAME = "$(TARGET_NAME)";
				SKIP_INSTALL = YES;
				SWIFT_VERSION = 3.0;
			};
			name = Release;
		};
/* End XCBuildConfiguration section */

/* Begin XCConfigurationList section */
		4B7471401E3471A600246438 /* Build configuration list for PBXProject "BottomNotificationController" */ = {
			isa = XCConfigurationList;
			buildConfigurations = (
				4B74714C1E3471A600246438 /* Debug */,
				4B74714D1E3471A600246438 /* Release */,
			);
			defaultConfigurationIsVisible = 0;
			defaultConfigurationName = Release;
		};
		4B74714E1E3471A600246438 /* Build configuration list for PBXNativeTarget "BottomNotificationController" */ = {
			isa = XCConfigurationList;
			buildConfigurations = (
				4B74714F1E3471A600246438 /* Debug */,
				4B7471501E3471A600246438 /* Release */,
			);
			defaultConfigurationIsVisible = 0;
			defaultConfigurationName = Release;
		};
/* End XCConfigurationList section */
	};
	rootObject = 4B74713D1E3471A600246438 /* Project object */;
}
